Microsoft Visual Studio Solution File, Format Version 12.00
# Visual Studio 15
VisualStudioVersion = 15.0.27703.2026
MinimumVisualStudioVersion = 10.0.40219.1
Project("{FAE04EC0-301F-11D3-BF4B-00C04F79EFBC}") = "Cookidea.Android", "Cookidea.Android\Cookidea.Android.csproj", "{918CF0F3-8927-4D4A-B23B-2488B3D431B0}"
EndProject
Project("{FAE04EC0-301F-11D3-BF4B-00C04F79EFBC}") = "Cookidea.iOS", "Cookidea.iOS\Cookidea.iOS.csproj", "{641EBD95-AB82-496C-AAE1-0989FB55E4A2}"
EndProject
Project("{9A19103F-16F7-4668-BE54-9A1E7A4F7556}") = "Cookidea", "Cookidea\Cookidea.csproj", "{4511B859-E0A7-42CA-A0CB-A8AEA6BB6843}"
EndProject
Global
	GlobalSection(SolutionConfigurationPlatforms) = preSolution
		Ad-Hoc|Any CPU = Ad-Hoc|Any CPU
		Ad-Hoc|iPhone = Ad-Hoc|iPhone
		Ad-Hoc|iPhoneSimulator = Ad-Hoc|iPhoneSimulator
		AppStore|Any CPU = AppStore|Any CPU
		AppStore|iPhone = AppStore|iPhone
		AppStore|iPhoneSimulator = AppStore|iPhoneSimulator
		Debug|Any CPU = Debug|Any CPU
		Debug|iPhone = Debug|iPhone
		Debug|iPhoneSimulator = Debug|iPhoneSimulator
		Release|Any CPU = Release|Any CPU
		Release|iPhone = Release|iPhone
		Release|iPhoneSimulator = Release|iPhoneSimulator
	EndGlobalSection
	GlobalSection(ProjectConfigurationPlatforms) = postSolution
		{918CF0F3-8927-4D4A-B23B-2488B3D431B0}.Ad-Hoc|Any CPU.ActiveCfg = Release|Any CPU
		{918CF0F3-8927-4D4A-B23B-2488B3D431B0}.Ad-Hoc|Any CPU.Build.0 = Release|Any CPU
		{918CF0F3-8927-4D4A-B23B-2488B3D431B0}.Ad-Hoc|Any CPU.Deploy.0 = Release|Any CPU
		{918CF0F3-8927-4D4A-B23B-2488B3D431B0}.Ad-Hoc|iPhone.ActiveCfg = Debug|Any CPU
		{918CF0F3-8927-4D4A-B23B-2488B3D431B0}.Ad-Hoc|iPhone.Build.0 = Debug|Any CPU
		{918CF0F3-8927-4D4A-B23B-2488B3D431B0}.Ad-Hoc|iPhoneSimulator.ActiveCfg = Release|Any CPU
		{918CF0F3-8927-4D4A-B23B-2488B3D431B0}.Ad-Hoc|iPhoneSimulator.Build.0 = Release|Any CPU
		{918CF0F3-8927-4D4A-B23B-2488B3D431B0}.Ad-Hoc|iPhoneSimulator.Deploy.0 = Release|Any CPU
		{918CF0F3-8927-4D4A-B23B-2488B3D431B0}.AppStore|Any CPU.ActiveCfg = Release|Any CPU
		{918CF0F3-8927-4D4A-B23B-2488B3D431B0}.AppStore|Any CPU.Build.0 = Release|Any CPU
		{918CF0F3-8927-4D4A-B23B-2488B3D431B0}.AppStore|Any CPU.Deploy.0 = Release|Any CPU
		{918CF0F3-8927-4D4A-B23B-2488B3D431B0}.AppStore|iPhone.ActiveCfg = Debug|Any CPU
		{918CF0F3-8927-4D4A-B23B-2488B3D431B0}.AppStore|iPhone.Build.0 = Debug|Any CPU
		{918CF0F3-8927-4D4A-B23B-2488B3D431B0}.AppStore|iPhoneSimulator.ActiveCfg = Release|Any CPU
		{918CF0F3-8927-4D4A-B23B-2488B3D431B0}.AppStore|iPhoneSimulator.Build.0 = Release|Any CPU
		{918CF0F3-8927-4D4A-B23B-2488B3D431B0}.AppStore|iPhoneSimulator.Deploy.0 = Release|Any CPU
		{918CF0F3-8927-4D4A-B23B-2488B3D431B0}.Debug|Any CPU.ActiveCfg = Debug|Any CPU
		{918CF0F3-8927-4D4A-B23B-2488B3D431B0}.Debug|Any CPU.Build.0 = Debug|Any CPU
		{918CF0F3-8927-4D4A-B23B-2488B3D431B0}.Debug|Any CPU.Deploy.0 = Debug|Any CPU
		{918CF0F3-8927-4D4A-B23B-2488B3D431B0}.Debug|iPhone.ActiveCfg = Debug|Any CPU
		{918CF0F3-8927-4D4A-B23B-2488B3D431B0}.Debug|iPhone.Build.0 = Debug|Any CPU
		{918CF0F3-8927-4D4A-B23B-2488B3D431B0}.Debug|iPhoneSimulator.ActiveCfg = Debug|Any CPU
		{918CF0F3-8927-4D4A-B23B-2488B3D431B0}.Debug|iPhoneSimulator.Build.0 = Debug|Any CPU
		{918CF0F3-8927-4D4A-B23B-2488B3D431B0}.Release|Any CPU.ActiveCfg = Release|Any CPU
		{918CF0F3-8927-4D4A-B23B-2488B3D431B0}.Release|Any CPU.Build.0 = Release|Any CPU
		{918CF0F3-8927-4D4A-B23B-2488B3D431B0}.Release|Any CPU.Deploy.0 = Release|Any CPU
		{918CF0F3-8927-4D4A-B23B-2488B3D431B0}.Release|iPhone.ActiveCfg = Release|Any CPU
		{918CF0F3-8927-4D4A-B23B-2488B3D431B0}.Release|iPhone.Build.0 = Release|Any CPU
		{918CF0F3-8927-4D4A-B23B-2488B3D431B0}.Release|iPhoneSimulator.ActiveCfg = Release|Any CPU
		{918CF0F3-8927-4D4A-B23B-2488B3D431B0}.Release|iPhoneSimulator.Build.0 = Release|Any CPU
		{641EBD95-AB82-496C-AAE1-0989FB55E4A2}.Ad-Hoc|Any CPU.ActiveCfg = Ad-Hoc|iPhoneSimulator
		{641EBD95-AB82-496C-AAE1-0989FB55E4A2}.Ad-Hoc|iPhone.ActiveCfg = Ad-Hoc|iPhone
		{641EBD95-AB82-496C-AAE1-0989FB55E4A2}.Ad-Hoc|iPhone.Build.0 = Ad-Hoc|iPhone
		{641EBD95-AB82-496C-AAE1-0989FB55E4A2}.Ad-Hoc|iPhoneSimulator.ActiveCfg = Ad-Hoc|iPhoneSimulator
		{641EBD95-AB82-496C-AAE1-0989FB55E4A2}.Ad-Hoc|iPhoneSimulator.Build.0 = Ad-Hoc|iPhoneSimulator
		{641EBD95-AB82-496C-AAE1-0989FB55E4A2}.AppStore|Any CPU.ActiveCfg = AppStore|iPhoneSimulator
		{641EBD95-AB82-496C-AAE1-0989FB55E4A2}.AppStore|iPhone.ActiveCfg = AppStore|iPhone
		{641EBD95-AB82-496C-AAE1-0989FB55E4A2}.AppStore|iPhone.Build.0 = AppStore|iPhone
		{641EBD95-AB82-496C-AAE1-0989FB55E4A2}.AppStore|iPhoneSimulator.ActiveCfg = AppStore|iPhoneSimulator
		{641EBD95-AB82-496C-AAE1-0989FB55E4A2}.AppStore|iPhoneSimulator.Build.0 = AppStore|iPhoneSimulator
		{641EBD95-AB82-496C-AAE1-0989FB55E4A2}.Debug|Any CPU.ActiveCfg = Debug|iPhoneSimulator
		{641EBD95-AB82-496C-AAE1-0989FB55E4A2}.Debug|Any CPU.Build.0 = Debug|iPhoneSimulator
		{641EBD95-AB82-496C-AAE1-0989FB55E4A2}.Debug|iPhone.ActiveCfg = Debug|iPhone
		{641EBD95-AB82-496C-AAE1-0989FB55E4A2}.Debug|iPhone.Build.0 = Debug|iPhone
		{641EBD95-AB82-496C-AAE1-0989FB55E4A2}.Debug|iPhoneSimulator.ActiveCfg = Debug|iPhoneSimulator
		{641EBD95-AB82-496C-AAE1-0989FB55E4A2}.Debug|iPhoneSimulator.Build.0 = Debug|iPhoneSimulator
		{641EBD95-AB82-496C-AAE1-0989FB55E4A2}.Release|Any CPU.ActiveCfg = Release|iPhoneSimulator
		{641EBD95-AB82-496C-AAE1-0989FB55E4A2}.Release|Any CPU.Build.0 = Release|iPhoneSimulator
		{641EBD95-AB82-496C-AAE1-0989FB55E4A2}.Release|iPhone.ActiveCfg = Release|iPhone
		{641EBD95-AB82-496C-AAE1-0989FB55E4A2}.Release|iPhone.Build.0 = Release|iPhone
		{641EBD95-AB82-496C-AAE1-0989FB55E4A2}.Release|iPhoneSimulator.ActiveCfg = Release|iPhoneSimulator
		{641EBD95-AB82-496C-AAE1-0989FB55E4A2}.Release|iPhoneSimulator.Build.0 = Release|iPhoneSimulator
		{4511B859-E0A7-42CA-A0CB-A8AEA6BB6843}.Ad-Hoc|Any CPU.ActiveCfg = Release|Any CPU
		{4511B859-E0A7-42CA-A0CB-A8AEA6BB6843}.Ad-Hoc|Any CPU.Build.0 = Release|Any CPU
		{4511B859-E0A7-42CA-A0CB-A8AEA6BB6843}.Ad-Hoc|iPhone.ActiveCfg = Debug|Any CPU
		{4511B859-E0A7-42CA-A0CB-A8AEA6BB6843}.Ad-Hoc|iPhone.Build.0 = Debug|Any CPU
		{4511B859-E0A7-42CA-A0CB-A8AEA6BB6843}.Ad-Hoc|iPhoneSimulator.ActiveCfg = Release|Any CPU
		{4511B859-E0A7-42CA-A0CB-A8AEA6BB6843}.Ad-Hoc|iPhoneSimulator.Build.0 = Release|Any CPU
		{4511B859-E0A7-42CA-A0CB-A8AEA6BB6843}.AppStore|Any CPU.ActiveCfg = Release|Any CPU
		{4511B859-E0A7-42CA-A0CB-A8AEA6BB6843}.AppStore|Any CPU.Build.0 = Release|Any CPU
		{4511B859-E0A7-42CA-A0CB-A8AEA6BB6843}.AppStore|iPhone.ActiveCfg = Debug|Any CPU
		{4511B859-E0A7-42CA-A0CB-A8AEA6BB6843}.AppStore|iPhone.Build.0 = Debug|Any CPU
		{4511B859-E0A7-42CA-A0CB-A8AEA6BB6843}.AppStore|iPhoneSimulator.ActiveCfg = Release|Any CPU
		{4511B859-E0A7-42CA-A0CB-A8AEA6BB6843}.AppStore|iPhoneSimulator.Build.0 = Release|Any CPU
		{4511B859-E0A7-42CA-A0CB-A8AEA6BB6843}.Debug|Any CPU.ActiveCfg = Debug|Any CPU
		{4511B859-E0A7-42CA-A0CB-A8AEA6BB6843}.Debug|Any CPU.Build.0 = Debug|Any CPU
		{4511B859-E0A7-42CA-A0CB-A8AEA6BB6843}.Debug|iPhone.ActiveCfg = Debug|Any CPU
		{4511B859-E0A7-42CA-A0CB-A8AEA6BB6843}.Debug|iPhone.Build.0 = Debug|Any CPU
		{4511B859-E0A7-42CA-A0CB-A8AEA6BB6843}.Debug|iPhoneSimulator.ActiveCfg = Debug|Any CPU
		{4511B859-E0A7-42CA-A0CB-A8AEA6BB6843}.Debug|iPhoneSimulator.Build.0 = Debug|Any CPU
		{4511B859-E0A7-42CA-A0CB-A8AEA6BB6843}.Release|Any CPU.ActiveCfg = Release|Any CPU
		{4511B859-E0A7-42CA-A0CB-A8AEA6BB6843}.Release|Any CPU.Build.0 = Release|Any CPU
		{4511B859-E0A7-42CA-A0CB-A8AEA6BB6843}.Release|iPhone.ActiveCfg = Release|Any CPU
		{4511B859-E0A7-42CA-A0CB-A8AEA6BB6843}.Release|iPhone.Build.0 = Release|Any CPU
		{4511B859-E0A7-42CA-A0CB-A8AEA6BB6843}.Release|iPhoneSimulator.ActiveCfg = Release|Any CPU
		{4511B859-E0A7-42CA-A0CB-A8AEA6BB6843}.Release|iPhoneSimulator.Build.0 = Release|Any CPU
	EndGlobalSection
	GlobalSection(SolutionProperties) = preSolution
		HideSolutionNode = FALSE
	EndGlobalSection
	GlobalSection(ExtensibilityGlobals) = postSolution
		SolutionGuid = {3D2B24B9-DAD8-480E-99AE-7D915EB19839}
	EndGlobalSection
EndGlobal
